
Microsoft Visual Studio Solution File, Format Version 12.00
# Visual Studio Version 16
VisualStudioVersion = 16.0.30517.126
MinimumVisualStudioVersion = 10.0.40219.1
Project("{FAE04EC0-301F-11D3-BF4B-00C04F79EFBC}") = "AmongUsMemory", "AmongUsMemory\AmongUsMemory.csproj", "{9C2E0EB7-22C8-4A6C-99C5-0ED011E671A8}"
EndProject
Project("{FAE04EC0-301F-11D3-BF4B-00C04F79EFBC}") = "Cheat", "Cheat\Cheat.csproj", "{9CF6B988-CE38-466E-B7ED-C9AB7C89C8C7}"
EndProject
Global
	GlobalSection(SolutionConfigurationPlatforms) = preSolution
		Debug|Any CPU = Debug|Any CPU
		Release|Any CPU = Release|Any CPU
	EndGlobalSection
	GlobalSection(ProjectConfigurationPlatforms) = postSolution
		{9C2E0EB7-22C8-4A6C-99C5-0ED011E671A8}.Debug|Any CPU.ActiveCfg = Debug|Any CPU
		{9C2E0EB7-22C8-4A6C-99C5-0ED011E671A8}.Debug|Any CPU.Build.0 = Debug|Any CPU
		{9C2E0EB7-22C8-4A6C-99C5-0ED011E671A8}.Release|Any CPU.ActiveCfg = Release|Any CPU
		{9C2E0EB7-22C8-4A6C-99C5-0ED011E671A8}.Release|Any CPU.Build.0 = Release|Any CPU
		{9CF6B988-CE38-466E-B7ED-C9AB7C89C8C7}.Debug|Any CPU.ActiveCfg = Debug|Any CPU
		{9CF6B988-CE38-466E-B7ED-C9AB7C89C8C7}.Debug|Any CPU.Build.0 = Debug|Any CPU
		{9CF6B988-CE38-466E-B7ED-C9AB7C89C8C7}.Release|Any CPU.ActiveCfg = Release|Any CPU
		{9CF6B988-CE38-466E-B7ED-C9AB7C89C8C7}.Release|Any CPU.Build.0 = Release|Any CPU
	EndGlobalSection
	GlobalSection(SolutionProperties) = preSolution
		HideSolutionNode = FALSE
	EndGlobalSection
	GlobalSection(ExtensibilityGlobals) = postSolution
		SolutionGuid = {74746EF0-A0B0-4226-A80D-1CB2594C5064}
	EndGlobalSection
EndGlobal
